
Microsoft Visual Studio Solution File, Format Version 12.00
# Visual Studio Version 17
VisualStudioVersion = 17.1.32328.378
MinimumVisualStudioVersion = 10.0.40219.1
Project("{FAE04EC0-301F-11D3-BF4B-00C04F79EFBC}") = "ReliabilityCurve", "ReliabilityCurve\ReliabilityCurve.csproj", "{032D8442-C8DE-42A7-8A12-69AC825374E6}"
EndProject
Global
	GlobalSection(SolutionConfigurationPlatforms) = preSolution
		Debug|Any CPU = Debug|Any CPU
		Release|Any CPU = Release|Any CPU
	EndGlobalSection
	GlobalSection(ProjectConfigurationPlatforms) = postSolution
		{032D8442-C8DE-42A7-8A12-69AC825374E6}.Debug|Any CPU.ActiveCfg = Debug|Any CPU
		{032D8442-C8DE-42A7-8A12-69AC825374E6}.Debug|Any CPU.Build.0 = Debug|Any CPU
		{032D8442-C8DE-42A7-8A12-69AC825374E6}.Release|Any CPU.ActiveCfg = Release|Any CPU
		{032D8442-C8DE-42A7-8A12-69AC825374E6}.Release|Any CPU.Build.0 = Release|Any CPU
	EndGlobalSection
	GlobalSection(SolutionProperties) = preSolution
		HideSolutionNode = FALSE
	EndGlobalSection
	GlobalSection(ExtensibilityGlobals) = postSolution
		SolutionGuid = {948AAF91-D33D-4E86-97BE-84B04E727794}
	EndGlobalSection
EndGlobal
